// !$*UTF8*$!
{
	archiveVersion = 1;
	classes = {
	};
	objectVersion = 56;
	objects = {

/* Begin PBXBuildFile section */
		B93080402D07D44600E15BF9 /* ColorsCell.swift in Sources */ = {isa = PBXBuildFile; fileRef = B930803F2D07D44600E15BF9 /* ColorsCell.swift */; };
		B93080422D07D45300E15BF9 /* EmojiCell.swift in Sources */ = {isa = PBXBuildFile; fileRef = B93080412D07D45300E15BF9 /* EmojiCell.swift */; };
		B94B24DA2CF6CD60006F8434 /* CategoryCell.swift in Sources */ = {isa = PBXBuildFile; fileRef = B94B24D92CF6CD60006F8434 /* CategoryCell.swift */; };
		B95912052CF15F4500D3AADA /* YS Display-Medium.ttf in Resources */ = {isa = PBXBuildFile; fileRef = B95912032CF15F4500D3AADA /* YS Display-Medium.ttf */; };
		B95912062CF15F4500D3AADA /* YS Display-Bold.ttf in Resources */ = {isa = PBXBuildFile; fileRef = B95912042CF15F4500D3AADA /* YS Display-Bold.ttf */; };
		B95F976A2CE8F6B200DB72F2 /* AppDelegate.swift in Sources */ = {isa = PBXBuildFile; fileRef = B95F97692CE8F6B200DB72F2 /* AppDelegate.swift */; };
		B95F976C2CE8F6B200DB72F2 /* SceneDelegate.swift in Sources */ = {isa = PBXBuildFile; fileRef = B95F976B2CE8F6B200DB72F2 /* SceneDelegate.swift */; };
		B95F976E2CE8F6B200DB72F2 /* TabBarViewController.swift in Sources */ = {isa = PBXBuildFile; fileRef = B95F976D2CE8F6B200DB72F2 /* TabBarViewController.swift */; };
		B95F97732CE8F6B600DB72F2 /* Assets.xcassets in Resources */ = {isa = PBXBuildFile; fileRef = B95F97722CE8F6B600DB72F2 /* Assets.xcassets */; };
		B95F97762CE8F6B600DB72F2 /* LaunchScreen.storyboard in Resources */ = {isa = PBXBuildFile; fileRef = B95F97742CE8F6B600DB72F2 /* LaunchScreen.storyboard */; };
		B9803A822CF6A065001F78A1 /* TrackerCell.swift in Sources */ = {isa = PBXBuildFile; fileRef = B9803A812CF6A065001F78A1 /* TrackerCell.swift */; };
		B9996E5D2CF402A000914085 /* Week.swift in Sources */ = {isa = PBXBuildFile; fileRef = B9996E5C2CF402A000914085 /* Week.swift */; };
		B9A221F02CF12C3700A04944 /* Tracker.swift in Sources */ = {isa = PBXBuildFile; fileRef = B9A221EF2CF12C3700A04944 /* Tracker.swift */; };
		B9A221F22CF12CF700A04944 /* TrackerCategory.swift in Sources */ = {isa = PBXBuildFile; fileRef = B9A221F12CF12CF700A04944 /* TrackerCategory.swift */; };
		B9A221F42CF12D1500A04944 /* TrackerRecord.swift in Sources */ = {isa = PBXBuildFile; fileRef = B9A221F32CF12D1500A04944 /* TrackerRecord.swift */; };
		B9A221F62CF147DE00A04944 /* CreateTrackerController.swift in Sources */ = {isa = PBXBuildFile; fileRef = B9A221F52CF147DE00A04944 /* CreateTrackerController.swift */; };
		B9AFDB8F2D124AEB00888F84 /* TrackerStore.swift in Sources */ = {isa = PBXBuildFile; fileRef = B9AFDB8E2D124AEB00888F84 /* TrackerStore.swift */; };
		B9AFDB912D124AFD00888F84 /* TrackerCategoryStore.swift in Sources */ = {isa = PBXBuildFile; fileRef = B9AFDB902D124AFD00888F84 /* TrackerCategoryStore.swift */; };
		B9AFDB932D124B0F00888F84 /* TrackerRecordStore.swift in Sources */ = {isa = PBXBuildFile; fileRef = B9AFDB922D124B0F00888F84 /* TrackerRecordStore.swift */; };
		B9AFDB962D124CC500888F84 /* Model.xcdatamodeld in Sources */ = {isa = PBXBuildFile; fileRef = B9AFDB942D124CC500888F84 /* Model.xcdatamodeld */; };
		B9AFDB992D12540E00888F84 /* TransformWeekDay.swift in Sources */ = {isa = PBXBuildFile; fileRef = B9AFDB982D12540E00888F84 /* TransformWeekDay.swift */; };
		B9AFDB9B2D12542A00888F84 /* TransformColor.swift in Sources */ = {isa = PBXBuildFile; fileRef = B9AFDB9A2D12542A00888F84 /* TransformColor.swift */; };
		B9E9DE5F2CE94835003ECC32 /* TrackerController.swift in Sources */ = {isa = PBXBuildFile; fileRef = B9E9DE5E2CE94835003ECC32 /* TrackerController.swift */; };
		B9E9DE612CE94888003ECC32 /* StatsController.swift in Sources */ = {isa = PBXBuildFile; fileRef = B9E9DE602CE94888003ECC32 /* StatsController.swift */; };
		B9FDDCCF2CF3CBAA00CB1EE8 /* CreateHabitsController.swift in Sources */ = {isa = PBXBuildFile; fileRef = B9FDDCCE2CF3CBAA00CB1EE8 /* CreateHabitsController.swift */; };
		B9FDDCD12CF3D7E600CB1EE8 /* SheduleController.swift in Sources */ = {isa = PBXBuildFile; fileRef = B9FDDCD02CF3D7E600CB1EE8 /* SheduleController.swift */; };
		B9FE649C2CFA7FFB00DA4777 /* CreateEventsController.swift in Sources */ = {isa = PBXBuildFile; fileRef = B9FE649B2CFA7FFB00DA4777 /* CreateEventsController.swift */; };
/* End PBXBuildFile section */

/* Begin PBXFileReference section */
		B930803F2D07D44600E15BF9 /* ColorsCell.swift */ = {isa = PBXFileReference; lastKnownFileType = sourcecode.swift; path = ColorsCell.swift; sourceTree = "<group>"; };
		B93080412D07D45300E15BF9 /* EmojiCell.swift */ = {isa = PBXFileReference; lastKnownFileType = sourcecode.swift; path = EmojiCell.swift; sourceTree = "<group>"; };
		B94B24D92CF6CD60006F8434 /* CategoryCell.swift */ = {isa = PBXFileReference; lastKnownFileType = sourcecode.swift; path = CategoryCell.swift; sourceTree = "<group>"; };
		B95912032CF15F4500D3AADA /* YS Display-Medium.ttf */ = {isa = PBXFileReference; lastKnownFileType = file; path = "YS Display-Medium.ttf"; sourceTree = "<group>"; };
		B95912042CF15F4500D3AADA /* YS Display-Bold.ttf */ = {isa = PBXFileReference; lastKnownFileType = file; path = "YS Display-Bold.ttf"; sourceTree = "<group>"; };
		B95F97662CE8F6B200DB72F2 /* Tracker.app */ = {isa = PBXFileReference; explicitFileType = wrapper.application; includeInIndex = 0; path = Tracker.app; sourceTree = BUILT_PRODUCTS_DIR; };
		B95F97692CE8F6B200DB72F2 /* AppDelegate.swift */ = {isa = PBXFileReference; lastKnownFileType = sourcecode.swift; path = AppDelegate.swift; sourceTree = "<group>"; };
		B95F976B2CE8F6B200DB72F2 /* SceneDelegate.swift */ = {isa = PBXFileReference; lastKnownFileType = sourcecode.swift; path = SceneDelegate.swift; sourceTree = "<group>"; };
		B95F976D2CE8F6B200DB72F2 /* TabBarViewController.swift */ = {isa = PBXFileReference; lastKnownFileType = sourcecode.swift; path = TabBarViewController.swift; sourceTree = "<group>"; };
		B95F97722CE8F6B600DB72F2 /* Assets.xcassets */ = {isa = PBXFileReference; lastKnownFileType = folder.assetcatalog; path = Assets.xcassets; sourceTree = "<group>"; };
		B95F97752CE8F6B600DB72F2 /* Base */ = {isa = PBXFileReference; lastKnownFileType = file.storyboard; name = Base; path = Base.lproj/LaunchScreen.storyboard; sourceTree = "<group>"; };
		B95F97772CE8F6B600DB72F2 /* Info.plist */ = {isa = PBXFileReference; lastKnownFileType = text.plist.xml; path = Info.plist; sourceTree = "<group>"; };
		B9803A812CF6A065001F78A1 /* TrackerCell.swift */ = {isa = PBXFileReference; lastKnownFileType = sourcecode.swift; path = TrackerCell.swift; sourceTree = "<group>"; };
		B9996E5C2CF402A000914085 /* Week.swift */ = {isa = PBXFileReference; lastKnownFileType = sourcecode.swift; path = Week.swift; sourceTree = "<group>"; };
		B9A221EF2CF12C3700A04944 /* Tracker.swift */ = {isa = PBXFileReference; lastKnownFileType = sourcecode.swift; path = Tracker.swift; sourceTree = "<group>"; };
		B9A221F12CF12CF700A04944 /* TrackerCategory.swift */ = {isa = PBXFileReference; lastKnownFileType = sourcecode.swift; path = TrackerCategory.swift; sourceTree = "<group>"; };
		B9A221F32CF12D1500A04944 /* TrackerRecord.swift */ = {isa = PBXFileReference; lastKnownFileType = sourcecode.swift; path = TrackerRecord.swift; sourceTree = "<group>"; };
		B9A221F52CF147DE00A04944 /* CreateTrackerController.swift */ = {isa = PBXFileReference; lastKnownFileType = sourcecode.swift; path = CreateTrackerController.swift; sourceTree = "<group>"; };
		B9AFDB8E2D124AEB00888F84 /* TrackerStore.swift */ = {isa = PBXFileReference; lastKnownFileType = sourcecode.swift; path = TrackerStore.swift; sourceTree = "<group>"; };
		B9AFDB902D124AFD00888F84 /* TrackerCategoryStore.swift */ = {isa = PBXFileReference; lastKnownFileType = sourcecode.swift; path = TrackerCategoryStore.swift; sourceTree = "<group>"; };
		B9AFDB922D124B0F00888F84 /* TrackerRecordStore.swift */ = {isa = PBXFileReference; lastKnownFileType = sourcecode.swift; path = TrackerRecordStore.swift; sourceTree = "<group>"; };
		B9AFDB952D124CC500888F84 /* TrackerCoreData.xcdatamodel */ = {isa = PBXFileReference; lastKnownFileType = wrapper.xcdatamodel; path = TrackerCoreData.xcdatamodel; sourceTree = "<group>"; };
		B9AFDB982D12540E00888F84 /* TransformWeekDay.swift */ = {isa = PBXFileReference; lastKnownFileType = sourcecode.swift; path = TransformWeekDay.swift; sourceTree = "<group>"; };
		B9AFDB9A2D12542A00888F84 /* TransformColor.swift */ = {isa = PBXFileReference; lastKnownFileType = sourcecode.swift; path = TransformColor.swift; sourceTree = "<group>"; };
		B9E9DE5E2CE94835003ECC32 /* TrackerController.swift */ = {isa = PBXFileReference; lastKnownFileType = sourcecode.swift; path = TrackerController.swift; sourceTree = "<group>"; };
		B9E9DE602CE94888003ECC32 /* StatsController.swift */ = {isa = PBXFileReference; lastKnownFileType = sourcecode.swift; path = StatsController.swift; sourceTree = "<group>"; };
		B9FDDCCE2CF3CBAA00CB1EE8 /* CreateHabitsController.swift */ = {isa = PBXFileReference; lastKnownFileType = sourcecode.swift; path = CreateHabitsController.swift; sourceTree = "<group>"; };
		B9FDDCD02CF3D7E600CB1EE8 /* SheduleController.swift */ = {isa = PBXFileReference; lastKnownFileType = sourcecode.swift; path = SheduleController.swift; sourceTree = "<group>"; };
		B9FE649B2CFA7FFB00DA4777 /* CreateEventsController.swift */ = {isa = PBXFileReference; lastKnownFileType = sourcecode.swift; path = CreateEventsController.swift; sourceTree = "<group>"; };
/* End PBXFileReference section */

/* Begin PBXFrameworksBuildPhase section */
		B95F97632CE8F6B200DB72F2 /* Frameworks */ = {
			isa = PBXFrameworksBuildPhase;
			buildActionMask = 2147483647;
			files = (
			);
			runOnlyForDeploymentPostprocessing = 0;
		};
/* End PBXFrameworksBuildPhase section */

/* Begin PBXGroup section */
		B95F975D2CE8F6B200DB72F2 = {
			isa = PBXGroup;
			children = (
				B95F97682CE8F6B200DB72F2 /* Tracker */,
				B95F97672CE8F6B200DB72F2 /* Products */,
			);
			sourceTree = "<group>";
		};
		B95F97672CE8F6B200DB72F2 /* Products */ = {
			isa = PBXGroup;
			children = (
				B95F97662CE8F6B200DB72F2 /* Tracker.app */,
			);
			name = Products;
			sourceTree = "<group>";
		};
		B95F97682CE8F6B200DB72F2 /* Tracker */ = {
			isa = PBXGroup;
			children = (
				B95F97692CE8F6B200DB72F2 /* AppDelegate.swift */,
				B95F976B2CE8F6B200DB72F2 /* SceneDelegate.swift */,
				B9996E5E2CF403F000914085 /* Models */,
				B9E9DE5D2CE9479E003ECC32 /* Controllers */,
				B9803A832CF6A1BA001F78A1 /* ConfigCell */,
				B9AFDB8D2D124ACF00888F84 /* CoreData */,
				B9AFDB972D1253DA00888F84 /* Transform */,
				B9A221F72CF15C6300A04944 /* Resources */,
				B95F97742CE8F6B600DB72F2 /* LaunchScreen.storyboard */,
				B95F97772CE8F6B600DB72F2 /* Info.plist */,
			);
			path = Tracker;
			sourceTree = "<group>";
		};
		B9803A832CF6A1BA001F78A1 /* ConfigCell */ = {
			isa = PBXGroup;
			children = (
				B9803A812CF6A065001F78A1 /* TrackerCell.swift */,
				B94B24D92CF6CD60006F8434 /* CategoryCell.swift */,
				B93080412D07D45300E15BF9 /* EmojiCell.swift */,
				B930803F2D07D44600E15BF9 /* ColorsCell.swift */,
			);
			path = ConfigCell;
			sourceTree = "<group>";
		};
		B9996E5E2CF403F000914085 /* Models */ = {
			isa = PBXGroup;
			children = (
				B9A221EF2CF12C3700A04944 /* Tracker.swift */,
				B9A221F12CF12CF700A04944 /* TrackerCategory.swift */,
				B9A221F32CF12D1500A04944 /* TrackerRecord.swift */,
				B9996E5C2CF402A000914085 /* Week.swift */,
			);
			path = Models;
			sourceTree = "<group>";
		};
		B9A221F72CF15C6300A04944 /* Resources */ = {
			isa = PBXGroup;
			children = (
				B95912042CF15F4500D3AADA /* YS Display-Bold.ttf */,
				B95912032CF15F4500D3AADA /* YS Display-Medium.ttf */,
				B95F97722CE8F6B600DB72F2 /* Assets.xcassets */,
			);
			path = Resources;
			sourceTree = "<group>";
		};
		B9AFDB8D2D124ACF00888F84 /* CoreData */ = {
			isa = PBXGroup;
			children = (
				B9AFDB942D124CC500888F84 /* Model.xcdatamodeld */,
				B9AFDB8E2D124AEB00888F84 /* TrackerStore.swift */,
				B9AFDB902D124AFD00888F84 /* TrackerCategoryStore.swift */,
				B9AFDB922D124B0F00888F84 /* TrackerRecordStore.swift */,
			);
			path = CoreData;
			sourceTree = "<group>";
		};
		B9AFDB972D1253DA00888F84 /* Transform */ = {
			isa = PBXGroup;
			children = (
				B9AFDB982D12540E00888F84 /* TransformWeekDay.swift */,
				B9AFDB9A2D12542A00888F84 /* TransformColor.swift */,
			);
			path = Transform;
			sourceTree = "<group>";
		};
		B9E9DE5D2CE9479E003ECC32 /* Controllers */ = {
			isa = PBXGroup;
			children = (
				B95F976D2CE8F6B200DB72F2 /* TabBarViewController.swift */,
				B9E9DE5E2CE94835003ECC32 /* TrackerController.swift */,
				B9A221F52CF147DE00A04944 /* CreateTrackerController.swift */,
				B9FDDCCE2CF3CBAA00CB1EE8 /* CreateHabitsController.swift */,
				B9FE649B2CFA7FFB00DA4777 /* CreateEventsController.swift */,
				B9FDDCD02CF3D7E600CB1EE8 /* SheduleController.swift */,
				B9E9DE602CE94888003ECC32 /* StatsController.swift */,
			);
			path = Controllers;
			sourceTree = "<group>";
		};
/* End PBXGroup section */

/* Begin PBXNativeTarget section */
		B95F97652CE8F6B200DB72F2 /* Tracker */ = {
			isa = PBXNativeTarget;
			buildConfigurationList = B95F977A2CE8F6B600DB72F2 /* Build configuration list for PBXNativeTarget "Tracker" */;
			buildPhases = (
				B95F97622CE8F6B200DB72F2 /* Sources */,
				B95F97632CE8F6B200DB72F2 /* Frameworks */,
				B95F97642CE8F6B200DB72F2 /* Resources */,
			);
			buildRules = (
			);
			dependencies = (
			);
			name = Tracker;
			productName = Tracker;
			productReference = B95F97662CE8F6B200DB72F2 /* Tracker.app */;
			productType = "com.apple.product-type.application";
		};
/* End PBXNativeTarget section */

/* Begin PBXProject section */
		B95F975E2CE8F6B200DB72F2 /* Project object */ = {
			isa = PBXProject;
			attributes = {
				BuildIndependentTargetsInParallel = 1;
				LastSwiftUpdateCheck = 1510;
				LastUpgradeCheck = 1510;
				TargetAttributes = {
					B95F97652CE8F6B200DB72F2 = {
						CreatedOnToolsVersion = 15.1;
					};
				};
			};
			buildConfigurationList = B95F97612CE8F6B200DB72F2 /* Build configuration list for PBXProject "Tracker" */;
			compatibilityVersion = "Xcode 14.0";
			developmentRegion = en;
			hasScannedForEncodings = 0;
			knownRegions = (
				en,
				Base,
			);
			mainGroup = B95F975D2CE8F6B200DB72F2;
			productRefGroup = B95F97672CE8F6B200DB72F2 /* Products */;
			projectDirPath = "";
			projectRoot = "";
			targets = (
				B95F97652CE8F6B200DB72F2 /* Tracker */,
			);
		};
/* End PBXProject section */

/* Begin PBXResourcesBuildPhase section */
		B95F97642CE8F6B200DB72F2 /* Resources */ = {
			isa = PBXResourcesBuildPhase;
			buildActionMask = 2147483647;
			files = (
				B95F97762CE8F6B600DB72F2 /* LaunchScreen.storyboard in Resources */,
				B95912052CF15F4500D3AADA /* YS Display-Medium.ttf in Resources */,
				B95F97732CE8F6B600DB72F2 /* Assets.xcassets in Resources */,
				B95912062CF15F4500D3AADA /* YS Display-Bold.ttf in Resources */,
			);
			runOnlyForDeploymentPostprocessing = 0;
		};
/* End PBXResourcesBuildPhase section */

/* Begin PBXSourcesBuildPhase section */
		B95F97622CE8F6B200DB72F2 /* Sources */ = {
			isa = PBXSourcesBuildPhase;
			buildActionMask = 2147483647;
			files = (
				B9FDDCD12CF3D7E600CB1EE8 /* SheduleController.swift in Sources */,
				B9A221F02CF12C3700A04944 /* Tracker.swift in Sources */,
				B9AFDB8F2D124AEB00888F84 /* TrackerStore.swift in Sources */,
				B9AFDB962D124CC500888F84 /* Model.xcdatamodeld in Sources */,
				B9A221F42CF12D1500A04944 /* TrackerRecord.swift in Sources */,
				B9AFDB912D124AFD00888F84 /* TrackerCategoryStore.swift in Sources */,
				B94B24DA2CF6CD60006F8434 /* CategoryCell.swift in Sources */,
				B95F976E2CE8F6B200DB72F2 /* TabBarViewController.swift in Sources */,
				B9E9DE612CE94888003ECC32 /* StatsController.swift in Sources */,
				B9AFDB992D12540E00888F84 /* TransformWeekDay.swift in Sources */,
				B9803A822CF6A065001F78A1 /* TrackerCell.swift in Sources */,
				B93080422D07D45300E15BF9 /* EmojiCell.swift in Sources */,
				B9996E5D2CF402A000914085 /* Week.swift in Sources */,
				B9FDDCCF2CF3CBAA00CB1EE8 /* CreateHabitsController.swift in Sources */,
				B95F976A2CE8F6B200DB72F2 /* AppDelegate.swift in Sources */,
				B9FE649C2CFA7FFB00DA4777 /* CreateEventsController.swift in Sources */,
				B9E9DE5F2CE94835003ECC32 /* TrackerController.swift in Sources */,
				B9AFDB932D124B0F00888F84 /* TrackerRecordStore.swift in Sources */,
				B95F976C2CE8F6B200DB72F2 /* SceneDelegate.swift in Sources */,
				B9AFDB9B2D12542A00888F84 /* TransformColor.swift in Sources */,
				B93080402D07D44600E15BF9 /* ColorsCell.swift in Sources */,
				B9A221F22CF12CF700A04944 /* TrackerCategory.swift in Sources */,
				B9A221F62CF147DE00A04944 /* CreateTrackerController.swift in Sources */,
			);
			runOnlyForDeploymentPostprocessing = 0;
		};
/* End PBXSourcesBuildPhase section */

/* Begin PBXVariantGroup section */
		B95F97742CE8F6B600DB72F2 /* LaunchScreen.storyboard */ = {
			isa = PBXVariantGroup;
			children = (
				B95F97752CE8F6B600DB72F2 /* Base */,
			);
			name = LaunchScreen.storyboard;
			sourceTree = "<group>";
		};
/* End PBXVariantGroup section */

/* Begin XCBuildConfiguration section */
		B95F97782CE8F6B600DB72F2 /* Debug */ = {
			isa = XCBuildConfiguration;
			buildSettings = {
				ALWAYS_SEARCH_USER_PATHS = NO;
				ASSETCATALOG_COMPILER_GENERATE_SWIFT_ASSET_SYMBOL_EXTENSIONS = YES;
				CLANG_ANALYZER_NONNULL = YES;
				CLANG_ANALYZER_NUMBER_OBJECT_CONVERSION = YES_AGGRESSIVE;
				CLANG_CXX_LANGUAGE_STANDARD = "gnu++20";
				CLANG_ENABLE_MODULES = YES;
				CLANG_ENABLE_OBJC_ARC = YES;
				CLANG_ENABLE_OBJC_WEAK = YES;
				CLANG_WARN_BLOCK_CAPTURE_AUTORELEASING = YES;
				CLANG_WARN_BOOL_CONVERSION = YES;
				CLANG_WARN_COMMA = YES;
				CLANG_WARN_CONSTANT_CONVERSION = YES;
				CLANG_WARN_DEPRECATED_OBJC_IMPLEMENTATIONS = YES;
				CLANG_WARN_DIRECT_OBJC_ISA_USAGE = YES_ERROR;
				CLANG_WARN_DOCUMENTATION_COMMENTS = YES;
				CLANG_WARN_EMPTY_BODY = YES;
				CLANG_WARN_ENUM_CONVERSION = YES;
				CLANG_WARN_INFINITE_RECURSION = YES;
				CLANG_WARN_INT_CONVERSION = YES;
				CLANG_WARN_NON_LITERAL_NULL_CONVERSION = YES;
				CLANG_WARN_OBJC_IMPLICIT_RETAIN_SELF = YES;
				CLANG_WARN_OBJC_LITERAL_CONVERSION = YES;
				CLANG_WARN_OBJC_ROOT_CLASS = YES_ERROR;
				CLANG_WARN_QUOTED_INCLUDE_IN_FRAMEWORK_HEADER = YES;
				CLANG_WARN_RANGE_LOOP_ANALYSIS = YES;
				CLANG_WARN_STRICT_PROTOTYPES = YES;
				CLANG_WARN_SUSPICIOUS_MOVE = YES;
				CLANG_WARN_UNGUARDED_AVAILABILITY = YES_AGGRESSIVE;
				CLANG_WARN_UNREACHABLE_CODE = YES;
				CLANG_WARN__DUPLICATE_METHOD_MATCH = YES;
				COPY_PHASE_STRIP = NO;
				DEBUG_INFORMATION_FORMAT = dwarf;
				ENABLE_STRICT_OBJC_MSGSEND = YES;
				ENABLE_TESTABILITY = YES;
				ENABLE_USER_SCRIPT_SANDBOXING = YES;
				GCC_C_LANGUAGE_STANDARD = gnu17;
				GCC_DYNAMIC_NO_PIC = NO;
				GCC_NO_COMMON_BLOCKS = YES;
				GCC_OPTIMIZATION_LEVEL = 0;
				GCC_PREPROCESSOR_DEFINITIONS = (
					"DEBUG=1",
					"$(inherited)",
				);
				GCC_WARN_64_TO_32_BIT_CONVERSION = YES;
				GCC_WARN_ABOUT_RETURN_TYPE = YES_ERROR;
				GCC_WARN_UNDECLARED_SELECTOR = YES;
				GCC_WARN_UNINITIALIZED_AUTOS = YES_AGGRESSIVE;
				GCC_WARN_UNUSED_FUNCTION = YES;
				GCC_WARN_UNUSED_VARIABLE = YES;
				IPHONEOS_DEPLOYMENT_TARGET = 13.4;
				LOCALIZATION_PREFERS_STRING_CATALOGS = YES;
				MTL_ENABLE_DEBUG_INFO = INCLUDE_SOURCE;
				MTL_FAST_MATH = YES;
				ONLY_ACTIVE_ARCH = YES;
				SDKROOT = iphoneos;
				SWIFT_ACTIVE_COMPILATION_CONDITIONS = "DEBUG $(inherited)";
				SWIFT_OPTIMIZATION_LEVEL = "-Onone";
			};
			name = Debug;
		};
		B95F97792CE8F6B600DB72F2 /* Release */ = {
			isa = XCBuildConfiguration;
			buildSettings = {
				ALWAYS_SEARCH_USER_PATHS = NO;
				ASSETCATALOG_COMPILER_GENERATE_SWIFT_ASSET_SYMBOL_EXTENSIONS = YES;
				CLANG_ANALYZER_NONNULL = YES;
				CLANG_ANALYZER_NUMBER_OBJECT_CONVERSION = YES_AGGRESSIVE;
				CLANG_CXX_LANGUAGE_STANDARD = "gnu++20";
				CLANG_ENABLE_MODULES = YES;
				CLANG_ENABLE_OBJC_ARC = YES;
				CLANG_ENABLE_OBJC_WEAK = YES;
				CLANG_WARN_BLOCK_CAPTURE_AUTORELEASING = YES;
				CLANG_WARN_BOOL_CONVERSION = YES;
				CLANG_WARN_COMMA = YES;
				CLANG_WARN_CONSTANT_CONVERSION = YES;
				CLANG_WARN_DEPRECATED_OBJC_IMPLEMENTATIONS = YES;
				CLANG_WARN_DIRECT_OBJC_ISA_USAGE = YES_ERROR;
				CLANG_WARN_DOCUMENTATION_COMMENTS = YES;
				CLANG_WARN_EMPTY_BODY = YES;
				CLANG_WARN_ENUM_CONVERSION = YES;
				CLANG_WARN_INFINITE_RECURSION = YES;
				CLANG_WARN_INT_CONVERSION = YES;
				CLANG_WARN_NON_LITERAL_NULL_CONVERSION = YES;
				CLANG_WARN_OBJC_IMPLICIT_RETAIN_SELF = YES;
				CLANG_WARN_OBJC_LITERAL_CONVERSION = YES;
				CLANG_WARN_OBJC_ROOT_CLASS = YES_ERROR;
				CLANG_WARN_QUOTED_INCLUDE_IN_FRAMEWORK_HEADER = YES;
				CLANG_WARN_RANGE_LOOP_ANALYSIS = YES;
				CLANG_WARN_STRICT_PROTOTYPES = YES;
				CLANG_WARN_SUSPICIOUS_MOVE = YES;
				CLANG_WARN_UNGUARDED_AVAILABILITY = YES_AGGRESSIVE;
				CLANG_WARN_UNREACHABLE_CODE = YES;
				CLANG_WARN__DUPLICATE_METHOD_MATCH = YES;
				COPY_PHASE_STRIP = NO;
				DEBUG_INFORMATION_FORMAT = "dwarf-with-dsym";
				ENABLE_NS_ASSERTIONS = NO;
				ENABLE_STRICT_OBJC_MSGSEND = YES;
				ENABLE_USER_SCRIPT_SANDBOXING = YES;
				GCC_C_LANGUAGE_STANDARD = gnu17;
				GCC_NO_COMMON_BLOCKS = YES;
				GCC_WARN_64_TO_32_BIT_CONVERSION = YES;
				GCC_WARN_ABOUT_RETURN_TYPE = YES_ERROR;
				GCC_WARN_UNDECLARED_SELECTOR = YES;
				GCC_WARN_UNINITIALIZED_AUTOS = YES_AGGRESSIVE;
				GCC_WARN_UNUSED_FUNCTION = YES;
				GCC_WARN_UNUSED_VARIABLE = YES;
				IPHONEOS_DEPLOYMENT_TARGET = 13.4;
				LOCALIZATION_PREFERS_STRING_CATALOGS = YES;
				MTL_ENABLE_DEBUG_INFO = NO;
				MTL_FAST_MATH = YES;
				SDKROOT = iphoneos;
				SWIFT_COMPILATION_MODE = wholemodule;
				VALIDATE_PRODUCT = YES;
			};
			name = Release;
		};
		B95F977B2CE8F6B600DB72F2 /* Debug */ = {
			isa = XCBuildConfiguration;
			buildSettings = {
				ASSETCATALOG_COMPILER_APPICON_NAME = AppIcon;
				ASSETCATALOG_COMPILER_GLOBAL_ACCENT_COLOR_NAME = AccentColor;
				CODE_SIGN_STYLE = Automatic;
				CURRENT_PROJECT_VERSION = 1;
				DEVELOPMENT_TEAM = X8D8382YA4;
				GENERATE_INFOPLIST_FILE = YES;
				INFOPLIST_FILE = Tracker/Info.plist;
				INFOPLIST_KEY_UIApplicationSupportsIndirectInputEvents = YES;
				INFOPLIST_KEY_UILaunchStoryboardName = LaunchScreen;
				INFOPLIST_KEY_UISupportedInterfaceOrientations_iPad = "UIInterfaceOrientationPortrait UIInterfaceOrientationPortraitUpsideDown UIInterfaceOrientationLandscapeLeft UIInterfaceOrientationLandscapeRight";
				INFOPLIST_KEY_UISupportedInterfaceOrientations_iPhone = "UIInterfaceOrientationPortrait UIInterfaceOrientationLandscapeLeft UIInterfaceOrientationLandscapeRight";
				IPHONEOS_DEPLOYMENT_TARGET = 13.4;
				LD_RUNPATH_SEARCH_PATHS = (
					"$(inherited)",
					"@executable_path/Frameworks",
				);
				MARKETING_VERSION = 1.0;
				PRODUCT_BUNDLE_IDENTIFIER = ru.yandex.practicum.Tracker;
				PRODUCT_NAME = "$(TARGET_NAME)";
				SWIFT_EMIT_LOC_STRINGS = YES;
				SWIFT_VERSION = 5.0;
				TARGETED_DEVICE_FAMILY = "1,2";
			};
			name = Debug;
		};
		B95F977C2CE8F6B600DB72F2 /* Release */ = {
			isa = XCBuildConfiguration;
			buildSettings = {
				ASSETCATALOG_COMPILER_APPICON_NAME = AppIcon;
				ASSETCATALOG_COMPILER_GLOBAL_ACCENT_COLOR_NAME = AccentColor;
				CODE_SIGN_STYLE = Automatic;
				CURRENT_PROJECT_VERSION = 1;
				DEVELOPMENT_TEAM = X8D8382YA4;
				GENERATE_INFOPLIST_FILE = YES;
				INFOPLIST_FILE = Tracker/Info.plist;
				INFOPLIST_KEY_UIApplicationSupportsIndirectInputEvents = YES;
				INFOPLIST_KEY_UILaunchStoryboardName = LaunchScreen;
				INFOPLIST_KEY_UISupportedInterfaceOrientations_iPad = "UIInterfaceOrientationPortrait UIInterfaceOrientationPortraitUpsideDown UIInterfaceOrientationLandscapeLeft UIInterfaceOrientationLandscapeRight";
				INFOPLIST_KEY_UISupportedInterfaceOrientations_iPhone = "UIInterfaceOrientationPortrait UIInterfaceOrientationLandscapeLeft UIInterfaceOrientationLandscapeRight";
				IPHONEOS_DEPLOYMENT_TARGET = 13.4;
				LD_RUNPATH_SEARCH_PATHS = (
					"$(inherited)",
					"@executable_path/Frameworks",
				);
				MARKETING_VERSION = 1.0;
				PRODUCT_BUNDLE_IDENTIFIER = ru.yandex.practicum.Tracker;
				PRODUCT_NAME = "$(TARGET_NAME)";
				SWIFT_EMIT_LOC_STRINGS = YES;
				SWIFT_VERSION = 5.0;
				TARGETED_DEVICE_FAMILY = "1,2";
			};
			name = Release;
		};
/* End XCBuildConfiguration section */

/* Begin XCConfigurationList section */
		B95F97612CE8F6B200DB72F2 /* Build configuration list for PBXProject "Tracker" */ = {
			isa = XCConfigurationList;
			buildConfigurations = (
				B95F97782CE8F6B600DB72F2 /* Debug */,
				B95F97792CE8F6B600DB72F2 /* Release */,
			);
			defaultConfigurationIsVisible = 0;
			defaultConfigurationName = Release;
		};
		B95F977A2CE8F6B600DB72F2 /* Build configuration list for PBXNativeTarget "Tracker" */ = {
			isa = XCConfigurationList;
			buildConfigurations = (
				B95F977B2CE8F6B600DB72F2 /* Debug */,
				B95F977C2CE8F6B600DB72F2 /* Release */,
			);
			defaultConfigurationIsVisible = 0;
			defaultConfigurationName = Release;
		};
/* End XCConfigurationList section */

/* Begin XCVersionGroup section */
		B9AFDB942D124CC500888F84 /* Model.xcdatamodeld */ = {
			isa = XCVersionGroup;
			children = (
				B9AFDB952D124CC500888F84 /* TrackerCoreData.xcdatamodel */,
			);
			currentVersion = B9AFDB952D124CC500888F84 /* TrackerCoreData.xcdatamodel */;
			path = Model.xcdatamodeld;
			sourceTree = "<group>";
			versionGroupType = wrapper.xcdatamodel;
		};
/* End XCVersionGroup section */
	};
	rootObject = B95F975E2CE8F6B200DB72F2 /* Project object */;
}
